# THIS IS AN AUTOGENERATED FILE. DO NOT EDIT THIS FILE DIRECTLY.
# yarn lockfile v1


"@ampproject/remapping@^2.2.1":
  version "2.2.1"
  resolved "https://registry.yarnpkg.com/@ampproject/remapping/-/remapping-2.2.1.tgz#99e8e11851128b8702cd57c33684f1d0f260b630"
  integrity sha512-lFMjJTrFL3j7L9yBxwYfCq2k6qqwHyzuUl/XBnif78PWTJYyL/dfowQHWE3sp6U6ZzqWiiIZnpTMO96zhkjwtg==
  dependencies:
    "@jridgewell/gen-mapping" "^0.3.0"
    "@jridgewell/trace-mapping" "^0.3.9"

"@avh4/elm-format-darwin-arm64@0.8.7-2":
  version "0.8.7-2"
  resolved "https://registry.yarnpkg.com/@avh4/elm-format-darwin-arm64/-/elm-format-darwin-arm64-0.8.7-2.tgz#7ef272e77ed22804c3d18e99cffdf8952b88cf6a"
  integrity sha512-F5JD44mJ3KX960J5GkXMfh1/dtkXuPcQpX2EToHQKjLTZUfnhZ++ytQQt0gAvrJ0bzoOvhNzjNjUHDA1ruTVbg==

"@avh4/elm-format-darwin-x64@0.8.7-2":
  version "0.8.7-2"
  resolved "https://registry.yarnpkg.com/@avh4/elm-format-darwin-x64/-/elm-format-darwin-x64-0.8.7-2.tgz#c43eb3af88edec45aae405fda7d703e343614965"
  integrity sha512-4pfF1cl0KyTion+7Mg4XKM3yi4Yc7vP76Kt/DotLVGJOSag4ISGic1og2mt8RZZ7XArybBmHNyYkiUbe/cEiCw==

"@avh4/elm-format-linux-arm64@0.8.7-2":
  version "0.8.7-2"
  resolved "https://registry.yarnpkg.com/@avh4/elm-format-linux-arm64/-/elm-format-linux-arm64-0.8.7-2.tgz#e01a088c051aa5734453f83e9f63aa572ffb7439"
  integrity sha512-WkVmuce2zU6s9dupHhqPc886Vaqpea8dZlxv2fpZ4wSzPUbiiKHoHZzoVndMIMTUL0TZukP3Ps0n/lWO5R5+FA==

"@avh4/elm-format-linux-x64@0.8.7-2":
  version "0.8.7-2"
  resolved "https://registry.yarnpkg.com/@avh4/elm-format-linux-x64/-/elm-format-linux-x64-0.8.7-2.tgz#50f60f3bfb11223d9e72a34a0cc28640726f5bae"
  integrity sha512-kmncfJrTBjVT94JtQvMf4M5Pn2Yl0sZt3wo7AzgFiDnB/CiZ+KjJyXuWM64NeGiv4MQqzPq65tsFXUH1CIJeiQ==

"@avh4/elm-format-win32-x64@0.8.7-2":
  version "0.8.7-2"
  resolved "https://registry.yarnpkg.com/@avh4/elm-format-win32-x64/-/elm-format-win32-x64-0.8.7-2.tgz#4a4e7489a7b519a810a8a89798c4aab3805626ab"
  integrity sha512-sBdMBGq/8mD8Y5C+fIr5vlb3N50yB7S1MfgeAq2QEbvkr/sKrCZI540i43lZDH9gWsfA1w2W8wCe0penFYzsGw==

"@jridgewell/gen-mapping@^0.3.0":
  version "0.3.3"
  resolved "https://registry.yarnpkg.com/@jridgewell/gen-mapping/-/gen-mapping-0.3.3.tgz#7e02e6eb5df901aaedb08514203b096614024098"
  integrity sha512-HLhSWOLRi875zjjMG/r+Nv0oCW8umGb0BgEhyX3dDX3egwZtB8PqLnjz3yedt8R5StBrzcg4aBpnh8UA9D1BoQ==
  dependencies:
    "@jridgewell/set-array" "^1.0.1"
    "@jridgewell/sourcemap-codec" "^1.4.10"
    "@jridgewell/trace-mapping" "^0.3.9"

"@jridgewell/resolve-uri@3.1.0":
  version "3.1.0"
  resolved "https://registry.yarnpkg.com/@jridgewell/resolve-uri/-/resolve-uri-3.1.0.tgz#2203b118c157721addfe69d47b70465463066d78"
  integrity sha512-F2msla3tad+Mfht5cJq7LSXcdudKTWCVYUgw6pLFOOHSTtZlj6SWNYAp+AhuqLmWdBO2X5hPrLcu8cVP8fy28w==

"@jridgewell/set-array@^1.0.1":
  version "1.1.2"
  resolved "https://registry.yarnpkg.com/@jridgewell/set-array/-/set-array-1.1.2.tgz#7c6cf998d6d20b914c0a55a91ae928ff25965e72"
  integrity sha512-xnkseuNADM0gt2bs+BvhO0p78Mk762YnZdsuzFV018NoG1Sj1SCQvpSqa7XUaTam5vAGasABV9qXASMKnFMwMw==

"@jridgewell/sourcemap-codec@1.4.14":
  version "1.4.14"
  resolved "https://registry.yarnpkg.com/@jridgewell/sourcemap-codec/-/sourcemap-codec-1.4.14.tgz#add4c98d341472a289190b424efbdb096991bb24"
  integrity sha512-XPSJHWmi394fuUuzDnGz1wiKqWfo1yXecHQMRf2l6hztTO+nPru658AyDngaBe7isIxEkRsPR3FZh+s7iVa4Uw==

"@jridgewell/sourcemap-codec@^1.4.10", "@jridgewell/sourcemap-codec@^1.4.14", "@jridgewell/sourcemap-codec@^1.4.15":
  version "1.4.15"
  resolved "https://registry.yarnpkg.com/@jridgewell/sourcemap-codec/-/sourcemap-codec-1.4.15.tgz#d7c6e6755c78567a951e04ab52ef0fd26de59f32"
  integrity sha512-eF2rxCRulEKXHTRiDrDy6erMYWqNw4LPdQ8UQA4huuxaQsVeRPFl2oM8oDGxMFhJUWZf9McpLtJasDDZb/Bpeg==

"@jridgewell/trace-mapping@^0.3.18", "@jridgewell/trace-mapping@^0.3.9":
  version "0.3.18"
  resolved "https://registry.yarnpkg.com/@jridgewell/trace-mapping/-/trace-mapping-0.3.18.tgz#25783b2086daf6ff1dcb53c9249ae480e4dd4cd6"
  integrity sha512-w+niJYzMHdd7USdiH2U6869nqhD2nbfZXND5Yp93qIbEmnDNk7PD48o+YchRVpzMU7M6jVCbenTR7PA1FLQ9pA==
  dependencies:
    "@jridgewell/resolve-uri" "3.1.0"
    "@jridgewell/sourcemap-codec" "1.4.14"

"@prettier/plugin-php@0.19.6":
  version "0.19.6"
  resolved "https://registry.yarnpkg.com/@prettier/plugin-php/-/plugin-php-0.19.6.tgz#cef154ec37d33fe694cee53e7d909106eee246cd"
  integrity sha512-MFaBfdxfTbGNwClJ/EZd2ROTa/Bd7EV+ff2KG769I9RsmNcVWcHARIYlSlJqFGgSbumOm+Ylm6RIXdxb5kG+OA==
  dependencies:
    linguist-languages "^7.21.0"
    mem "^8.0.0"
    php-parser "^3.1.5"

"@prettier/plugin-xml@3.1.1":
  version "3.1.1"
  resolved "https://registry.yarnpkg.com/@prettier/plugin-xml/-/plugin-xml-3.1.1.tgz#90e9f311aaef7d4e3f177acb9a93fa56f27efe9f"
  integrity sha512-kf20whg987pD/GWz0s1H2iA2170NnyP7chfmSkY55Dhs8wZwWxVxPItfWsfJo1FVMvTuNUPZY/hTqqHrzxb6Pg==
  dependencies:
    "@xml-tools/parser" "^1.0.11"

"@solidity-parser/parser@^0.16.0":
  version "0.16.1"
  resolved "https://registry.yarnpkg.com/@solidity-parser/parser/-/parser-0.16.1.tgz#f7c8a686974e1536da0105466c4db6727311253c"
  integrity sha512-PdhRFNhbTtu3x8Axm0uYpqOy/lODYQK+MlYSgqIsq2L8SFYEHJPHNUiOTAJbDGzNjjr1/n9AcIayxafR/fWmYw==
  dependencies:
    antlr4ts "^0.5.0-alpha.4"

"@types/estree@*", "@types/estree@^1.0.0":
  version "1.0.1"
  resolved "https://registry.yarnpkg.com/@types/estree/-/estree-1.0.1.tgz#aa22750962f3bf0e79d753d3cc067f010c95f194"
  integrity sha512-LG4opVs2ANWZ1TJoKc937iMmNstM/d0ae1vNbnBvBhqCSezgVUOzcLCqbI5elV8Vy6WKwKjaqR+zO9VKirBBCA==

"@xml-tools/parser@^1.0.11":
  version "1.0.11"
  resolved "https://registry.yarnpkg.com/@xml-tools/parser/-/parser-1.0.11.tgz#a118a14099ea5c3c537e4781fad2fc195b57f8ff"
  integrity sha512-aKqQ077XnR+oQtHJlrAflaZaL7qZsulWc/i/ZEooar5JiWj1eLt0+Wg28cpa+XLney107wXqneC+oG1IZvxkTA==
  dependencies:
    chevrotain "7.1.1"

acorn@^8.8.2, acorn@^8.9.0:
  version "8.10.0"
  resolved "https://registry.yarnpkg.com/acorn/-/acorn-8.10.0.tgz#8be5b3907a67221a81ab23c7889c4c5526b62ec5"
  integrity sha512-F0SAmZ8iUtS//m8DmCTA0jlh6TDKkHQyK6xc6V4KDTyZKA9dnvX9/3sRTVQrWm79glUAZbnmmNcdYwUIHWVybw==

antlr4ts@^0.5.0-alpha.4:
  version "0.5.0-alpha.4"
  resolved "https://registry.yarnpkg.com/antlr4ts/-/antlr4ts-0.5.0-alpha.4.tgz#71702865a87478ed0b40c0709f422cf14d51652a"
  integrity sha512-WPQDt1B74OfPv/IMS2ekXAKkTZIHl88uMetg6q3OTqgFxZ/dxDXI0EWLyZid/1Pe6hTftyg5N7gel5wNAGxXyQ==

aria-query@^5.3.0:
  version "5.3.0"
  resolved "https://registry.yarnpkg.com/aria-query/-/aria-query-5.3.0.tgz#650c569e41ad90b51b3d7df5e5eed1c7549c103e"
  integrity sha512-b0P0sZPKtyu8HkeRAfCq0IfURZK+SuwMjY1UXGBU27wpAiTwQAIlq56IbIO+ytk/JjS1fMR14ee5WBBfKi5J6A==
  dependencies:
    dequal "^2.0.3"

axobject-query@^3.2.1:
  version "3.2.1"
  resolved "https://registry.yarnpkg.com/axobject-query/-/axobject-query-3.2.1.tgz#39c378a6e3b06ca679f29138151e45b2b32da62a"
  integrity sha512-jsyHu61e6N4Vbz/v18DHwWYKK0bSWLqn47eeDSKPB7m8tqMHF9YJ+mhIk2lVteyZrY8tnSj/jHOv4YiTCuCJgg==
  dependencies:
    dequal "^2.0.3"

chevrotain@6.5.0:
  version "6.5.0"
  resolved "https://registry.yarnpkg.com/chevrotain/-/chevrotain-6.5.0.tgz#dcbef415516b0af80fd423cc0d96b28d3f11374e"
  integrity sha512-BwqQ/AgmKJ8jcMEjaSnfMybnKMgGTrtDKowfTP3pX4jwVy0kNjRsT/AP6h+wC3+3NC+X8X15VWBnTCQlX+wQFg==
  dependencies:
    regexp-to-ast "0.4.0"

chevrotain@7.1.1:
  version "7.1.1"
  resolved "https://registry.yarnpkg.com/chevrotain/-/chevrotain-7.1.1.tgz#5122814eafd1585a9601f9180a7be9c42d5699c6"
  integrity sha512-wy3mC1x4ye+O+QkEinVJkPf5u2vsrDIYW9G7ZuwFl6v/Yu0LwUuT2POsb+NUWApebyxfkQq6+yDfRExbnI5rcw==
  dependencies:
    regexp-to-ast "0.5.0"

code-red@^1.0.3:
  version "1.0.3"
  resolved "https://registry.yarnpkg.com/code-red/-/code-red-1.0.3.tgz#bbd3b0a27dc53c9af13f6756120a9dbcdd68a5f2"
  integrity sha512-kVwJELqiILQyG5aeuyKFbdsI1fmQy1Cmf7dQ8eGmVuJoaRVdwey7WaMknr2ZFeVSYSKT0rExsa8EGw0aoI/1QQ==
  dependencies:
    "@jridgewell/sourcemap-codec" "^1.4.14"
    "@types/estree" "^1.0.0"
    acorn "^8.8.2"
    estree-walker "^3.0.3"
    periscopic "^3.1.0"

cross-spawn@^7.0.3:
  version "7.0.3"
  resolved "https://registry.yarnpkg.com/cross-spawn/-/cross-spawn-7.0.3.tgz#f73a85b9d5d41d045551c177e2882d4ac85728a6"
  integrity sha512-iRDPJKUPVEND7dHPO8rkbOnPpyDygcDFtWjpeWNCgy8WP2rXcxXL8TskReQl6OrB2G7+UJrags1q15Fudc7G6w==
  dependencies:
    path-key "^3.1.0"
    shebang-command "^2.0.0"
    which "^2.0.1"

css-tree@^2.3.1:
  version "2.3.1"
  resolved "https://registry.yarnpkg.com/css-tree/-/css-tree-2.3.1.tgz#10264ce1e5442e8572fc82fbe490644ff54b5c20"
  integrity sha512-6Fv1DV/TYw//QF5IzQdqsNDjx/wc8TrMBZsqjL9eW01tWb7R7k/mq+/VXfJCl7SoD5emsJop9cOByJZfs8hYIw==
  dependencies:
    mdn-data "2.0.30"
    source-map-js "^1.0.1"

dequal@^2.0.3:
  version "2.0.3"
  resolved "https://registry.yarnpkg.com/dequal/-/dequal-2.0.3.tgz#2644214f1997d39ed0ee0ece72335490a7ac67be"
  integrity sha512-0je+qPKHEMohvfRTCEo3CrPG6cAzAYgmzKyxRiYSSDkS6eGJdyVJm7WaYA5ECaAD9wLB2T4EEeymA5aFVcYXCA==

elm-format@0.8.7:
  version "0.8.7"
  resolved "https://registry.yarnpkg.com/elm-format/-/elm-format-0.8.7.tgz#23d8a320ef896400b01b26609f99f579b2ed2d84"
  integrity sha512-sVzFXfWnb+6rzXK+q3e3Ccgr6/uS5mFbFk1VSmigC+x2XZ28QycAa7lS8owl009ALPhRQk+pZ95Eq5ANjpEZsQ==
  optionalDependencies:
    "@avh4/elm-format-darwin-arm64" "0.8.7-2"
    "@avh4/elm-format-darwin-x64" "0.8.7-2"
    "@avh4/elm-format-linux-arm64" "0.8.7-2"
    "@avh4/elm-format-linux-x64" "0.8.7-2"
    "@avh4/elm-format-win32-x64" "0.8.7-2"

estree-walker@^3.0.0, estree-walker@^3.0.3:
  version "3.0.3"
  resolved "https://registry.yarnpkg.com/estree-walker/-/estree-walker-3.0.3.tgz#67c3e549ec402a487b4fc193d1953a524752340d"
  integrity sha512-7RUKfXgSMMkzt6ZuXmqapOurLGPPfgj6l9uRZ7lRGolvk0y2yocc35LdcxKC5PQZdn2DMqioAQ2NoWcrTKmm6g==
  dependencies:
    "@types/estree" "^1.0.0"

execa@^5.1.1:
  version "5.1.1"
  resolved "https://registry.yarnpkg.com/execa/-/execa-5.1.1.tgz#f80ad9cbf4298f7bd1d4c9555c21e93741c411dd"
  integrity sha512-8uSpZZocAZRBAPIEINJj3Lo9HyGitllczc27Eh5YYojjMFMn8yHMDMaUHE2Jqfq05D/wucwI4JGURyXt1vchyg==
  dependencies:
    cross-spawn "^7.0.3"
    get-stream "^6.0.0"
    human-signals "^2.1.0"
    is-stream "^2.0.0"
    merge-stream "^2.0.0"
    npm-run-path "^4.0.1"
    onetime "^5.1.2"
    signal-exit "^3.0.3"
    strip-final-newline "^2.0.0"

get-stream@^6.0.0:
  version "6.0.1"
  resolved "https://registry.yarnpkg.com/get-stream/-/get-stream-6.0.1.tgz#a262d8eef67aced57c2852ad6167526a43cbf7b7"
  integrity sha512-ts6Wi+2j3jQjqi70w5AlN8DFnkSwC+MqmxEzdEALB2qXZYV3X/b1CTfgPLGJNMeAWxdPfU8FO1ms3NUfaHCPYg==

human-signals@^2.1.0:
  version "2.1.0"
  resolved "https://registry.yarnpkg.com/human-signals/-/human-signals-2.1.0.tgz#dc91fcba42e4d06e4abaed33b3e7a3c02f514ea0"
  integrity sha512-B4FFZ6q/T2jhhksgkbEW3HBvWIfDW85snkQgawt07S7J5QXTk6BkNV+0yAeZrM5QpMAdYlocGoljn0sJ/WQkFw==

is-reference@^3.0.0, is-reference@^3.0.1:
  version "3.0.1"
  resolved "https://registry.yarnpkg.com/is-reference/-/is-reference-3.0.1.tgz#d400f4260f7e55733955e60d361d827eb4d3b831"
  integrity sha512-baJJdQLiYaJdvFbJqXrcGv3WU3QCzBlUcI5QhbesIm6/xPsvmO+2CDoi/GMOFBQEQm+PXkwOPrp9KK5ozZsp2w==
  dependencies:
    "@types/estree" "*"

is-stream@^2.0.0:
  version "2.0.1"
  resolved "https://registry.yarnpkg.com/is-stream/-/is-stream-2.0.1.tgz#fac1e3d53b97ad5a9d0ae9cef2389f5810a5c077"
  integrity sha512-hFoiJiTl63nn+kstHGBtewWSKnQLpyb155KHheA1l39uvtO9nWIop1p3udqPcUd/xbF1VLMO4n7OI6p7RbngDg==

isexe@^2.0.0:
  version "2.0.0"
  resolved "https://registry.yarnpkg.com/isexe/-/isexe-2.0.0.tgz#e8fbf374dc556ff8947a10dcb0572d633f2cfa10"
  integrity sha512-RHxMLp9lnKHGHRng9QFhRCMbYAcVpn69smSGcq3f36xjgVVWThj4qqLbTLlq7Ssj8B+fIQ1EuCEGI2lKsyQeIw==

java-parser@2.0.4:
  version "2.0.4"
  resolved "https://registry.yarnpkg.com/java-parser/-/java-parser-2.0.4.tgz#74ec358b4209051ec5d2b26dc66464e72262e4a9"
  integrity sha512-8dzy+3lJdSakeXgYArzqJCTy2PuH4iW1WjbhPsDaiYDXPeeroksy0s1/TWoc9Zw8zWzS3x8soanHh0AThwwqrQ==
  dependencies:
    chevrotain "6.5.0"
    lodash "4.17.21"

linguist-languages@^7.21.0:
  version "7.26.1"
  resolved "https://registry.yarnpkg.com/linguist-languages/-/linguist-languages-7.26.1.tgz#908a66f5247d8b2df952f1ea69d17bbfd1e4e017"
  integrity sha512-B9O5pDocOkfswmA0qKrqdfeua1TxeQ5PPWdsuo5QRXFv2N0tB3plY+DVWvSWiGkjdqKNU3KBjJYHs/jRXG0adw==

locate-character@^3.0.0:
  version "3.0.0"
  resolved "https://registry.yarnpkg.com/locate-character/-/locate-character-3.0.0.tgz#0305c5b8744f61028ef5d01f444009e00779f974"
  integrity sha512-SW13ws7BjaeJ6p7Q6CO2nchbYEc3X3J6WrmTTDto7yMPqVSZTUyY5Tjbid+Ab8gLnATtygYtiDIJGQRRn2ZOiA==

lodash@4.17.21:
  version "4.17.21"
  resolved "https://registry.yarnpkg.com/lodash/-/lodash-4.17.21.tgz#679591c564c3bffaae8454cf0b3df370c3d6911c"
  integrity sha512-v2kDEe57lecTulaDIuNTPy3Ry4gLGJ6Z1O3vE1krgXZNrsQ+LFTGHVxVjcXPs17LhbZVGedAJv8XZ1tvj5FvSg==

lru-cache@^6.0.0:
  version "6.0.0"
  resolved "https://registry.yarnpkg.com/lru-cache/-/lru-cache-6.0.0.tgz#6d6fe6570ebd96aaf90fcad1dafa3b2566db3a94"
  integrity sha512-Jo6dJ04CmSjuznwJSS3pUeWmd/H0ffTlkXXgwZi+eq1UCmqQwCh+eLsYOYCwY991i2Fah4h1BEMCx4qThGbsiA==
  dependencies:
    yallist "^4.0.0"

magic-string@^0.30.0:
  version "0.30.1"
  resolved "https://registry.yarnpkg.com/magic-string/-/magic-string-0.30.1.tgz#ce5cd4b0a81a5d032bd69aab4522299b2166284d"
  integrity sha512-mbVKXPmS0z0G4XqFDCTllmDQ6coZzn94aMlb0o/A4HEHJCKcanlDZwYJgwnkmgD3jyWhUgj9VsPrfd972yPffA==
  dependencies:
    "@jridgewell/sourcemap-codec" "^1.4.15"

make-dir@^3.1.0:
  version "3.1.0"
  resolved "https://registry.yarnpkg.com/make-dir/-/make-dir-3.1.0.tgz#415e967046b3a7f1d185277d84aa58203726a13f"
  integrity sha512-g3FeP20LNwhALb/6Cz6Dd4F2ngze0jz7tbzrD2wAV+o9FeNHe4rL+yK2md0J/fiSf1sa1ADhXqi5+oVwOM/eGw==
  dependencies:
    semver "^6.0.0"

map-age-cleaner@^0.1.3:
  version "0.1.3"
  resolved "https://registry.yarnpkg.com/map-age-cleaner/-/map-age-cleaner-0.1.3.tgz#7d583a7306434c055fe474b0f45078e6e1b4b92a"
  integrity sha512-bJzx6nMoP6PDLPBFmg7+xRKeFZvFboMrGlxmNj9ClvX53KrmvM5bXFXEWjbz4cz1AFn+jWJ9z/DJSz7hrs0w3w==
  dependencies:
    p-defer "^1.0.0"

mdn-data@2.0.30:
  version "2.0.30"
  resolved "https://registry.yarnpkg.com/mdn-data/-/mdn-data-2.0.30.tgz#ce4df6f80af6cfbe218ecd5c552ba13c4dfa08cc"
  integrity sha512-GaqWWShW4kv/G9IEucWScBx9G1/vsFZZJUO+tD26M8J8z3Kw5RDQjaoZe03YAClgeS/SWPOcb4nkFBTEi5DUEA==

mem@^8.0.0:
  version "8.1.1"
  resolved "https://registry.yarnpkg.com/mem/-/mem-8.1.1.tgz#cf118b357c65ab7b7e0817bdf00c8062297c0122"
  integrity sha512-qFCFUDs7U3b8mBDPyz5EToEKoAkgCzqquIgi9nkkR9bixxOVOre+09lbuH7+9Kn2NFpm56M3GUWVbU2hQgdACA==
  dependencies:
    map-age-cleaner "^0.1.3"
    mimic-fn "^3.1.0"

merge-stream@^2.0.0:
  version "2.0.0"
  resolved "https://registry.yarnpkg.com/merge-stream/-/merge-stream-2.0.0.tgz#52823629a14dd00c9770fb6ad47dc6310f2c1f60"
  integrity sha512-abv/qOcuPfk3URPfDzmZU1LKmuw8kT+0nIHvKrKgFrwifol/doWcdA4ZqsWQ8ENrFKkd67Mfpo/LovbIUsbt3w==

mimic-fn@^2.1.0:
  version "2.1.0"
  resolved "https://registry.yarnpkg.com/mimic-fn/-/mimic-fn-2.1.0.tgz#7ed2c2ccccaf84d3ffcb7a69b57711fc2083401b"
  integrity sha512-OqbOk5oEQeAZ8WXWydlu9HJjz9WVdEIvamMCcXmuqUYjTknH/sqsWvhQ3vgwKFRR1HpjvNBKQ37nbJgYzGqGcg==

mimic-fn@^3.1.0:
  version "3.1.0"
  resolved "https://registry.yarnpkg.com/mimic-fn/-/mimic-fn-3.1.0.tgz#65755145bbf3e36954b949c16450427451d5ca74"
  integrity sha512-Ysbi9uYW9hFyfrThdDEQuykN4Ey6BuwPD2kpI5ES/nFTDn/98yxYNLZJcgUAKPT/mcrLLKaGzJR9YVxJrIdASQ==

mvdan-sh@^0.10.1:
  version "0.10.1"
  resolved "https://registry.yarnpkg.com/mvdan-sh/-/mvdan-sh-0.10.1.tgz#5b3a4462a89cf20739b12d851589342c875f4d1f"
  integrity sha512-kMbrH0EObaKmK3nVRKUIIya1dpASHIEusM13S4V1ViHFuxuNxCo+arxoa6j/dbV22YBGjl7UKJm9QQKJ2Crzhg==

npm-run-path@^4.0.1:
  version "4.0.1"
  resolved "https://registry.yarnpkg.com/npm-run-path/-/npm-run-path-4.0.1.tgz#b7ecd1e5ed53da8e37a55e1c2269e0b97ed748ea"
  integrity sha512-S48WzZW777zhNIrn7gxOlISNAqi9ZC/uQFnRdbeIHhZhCA6UqpkOT8T1G7BvfdgP4Er8gF4sUbaS0i7QvIfCWw==
  dependencies:
    path-key "^3.0.0"

object-hash@^3.0.0:
  version "3.0.0"
  resolved "https://registry.yarnpkg.com/object-hash/-/object-hash-3.0.0.tgz#73f97f753e7baffc0e2cc9d6e079079744ac82e9"
  integrity sha512-RSn9F68PjH9HqtltsSnqYC1XXoWe9Bju5+213R98cNGttag9q9yAOTzdbsqvIa7aNm5WffBZFpWYr2aWrklWAw==

onetime@^5.1.2:
  version "5.1.2"
  resolved "https://registry.yarnpkg.com/onetime/-/onetime-5.1.2.tgz#d0e96ebb56b07476df1dd9c4806e5237985ca45e"
  integrity sha512-kbpaSSGJTWdAY5KPVeMOKXSrPtr8C8C7wodJbcsd51jRnmD+GZu8Y0VoU6Dm5Z4vWr0Ig/1NKuWRKf7j5aaYSg==
  dependencies:
    mimic-fn "^2.1.0"

p-defer@^1.0.0:
  version "1.0.0"
  resolved "https://registry.yarnpkg.com/p-defer/-/p-defer-1.0.0.tgz#9f6eb182f6c9aa8cd743004a7d4f96b196b0fb0c"
  integrity sha512-wB3wfAxZpk2AzOfUMJNL+d36xothRSyj8EXOa4f6GMqYDN9BJaaSISbsk+wS9abmnebVw95C2Kb5t85UmpCxuw==

path-key@^3.0.0, path-key@^3.1.0:
  version "3.1.1"
  resolved "https://registry.yarnpkg.com/path-key/-/path-key-3.1.1.tgz#581f6ade658cbba65a0d3380de7753295054f375"
  integrity sha512-ojmeN0qd+y0jszEtoY48r0Peq5dwMEkIlCOu6Q5f41lfkswXuKtYrhgoTpLnyIcHm24Uhqx+5Tqm2InSwLhE6Q==

periscopic@^3.1.0:
  version "3.1.0"
  resolved "https://registry.yarnpkg.com/periscopic/-/periscopic-3.1.0.tgz#7e9037bf51c5855bd33b48928828db4afa79d97a"
  integrity sha512-vKiQ8RRtkl9P+r/+oefh25C3fhybptkHKCZSPlcXiJux2tJF55GnEj3BVn4A5gKfq9NWWXXrxkHBwVPUfH0opw==
  dependencies:
    "@types/estree" "^1.0.0"
    estree-walker "^3.0.0"
    is-reference "^3.0.0"

php-parser@^3.1.5:
  version "3.1.5"
  resolved "https://registry.yarnpkg.com/php-parser/-/php-parser-3.1.5.tgz#84500e5b5c6a0907e32c38b931bb4e7d3f275026"
  integrity sha512-jEY2DcbgCm5aclzBdfW86GM6VEIWcSlhTBSHN1qhJguVePlYe28GhwS0yoeLYXpM2K8y6wzLwrbq814n2PHSoQ==

prettier-plugin-elm@0.11.0:
  version "0.11.0"
  resolved "https://registry.yarnpkg.com/prettier-plugin-elm/-/prettier-plugin-elm-0.11.0.tgz#7bad0689ad1f080d77527ffe3da7f3bfce35e472"
  integrity sha512-x4srzUljo5CbeYiyK6EtbEB+1by0b6oUDqJ1l1hfdOOGOPGXfnbGLJK3VFOBEHwk0G4OcBCi8REjrc2NGIAfCQ==
  dependencies:
    elm-format "0.8.7"
    execa "^5.1.1"
    make-dir "^3.1.0"
    object-hash "^3.0.0"
    serialize-error "^8.1.0"
    temp-dir "^2.0.0"

prettier-plugin-java@2.2.0:
  version "2.2.0"
  resolved "https://registry.yarnpkg.com/prettier-plugin-java/-/prettier-plugin-java-2.2.0.tgz#268f1799a8b2809dd656aa670f20cc8076cb372a"
  integrity sha512-AMSWVU6Fmo6H0jbSyE50zVEeZgKcUrIscd/gpTBzUnCHDO/vCk0KUVi/arAenwMEfzMkTp36qCsylJcpjM+dWw==
  dependencies:
    java-parser "2.0.4"
    lodash "4.17.21"
    prettier "3.0.0"

prettier-plugin-sh@0.13.1:
  version "0.13.1"
  resolved "https://registry.yarnpkg.com/prettier-plugin-sh/-/prettier-plugin-sh-0.13.1.tgz#99388c0811994f24334d5233eb5a7cb874dcb840"
  integrity sha512-ytMcl1qK4s4BOFGvsc9b0+k9dYECal7U29bL/ke08FEUsF/JLN0j6Peo0wUkFDG4y2UHLMhvpyd6Sd3zDXe/eg==
  dependencies:
    mvdan-sh "^0.10.1"
    sh-syntax "^0.4.1"

prettier-plugin-solidity@1.1.3:
  version "1.1.3"
  resolved "https://registry.yarnpkg.com/prettier-plugin-solidity/-/prettier-plugin-solidity-1.1.3.tgz#9a35124f578404caf617634a8cab80862d726cba"
  integrity sha512-fQ9yucPi2sBbA2U2Xjh6m4isUTJ7S7QLc/XDDsktqqxYfTwdYKJ0EnnywXHwCGAaYbQNK+HIYPL1OemxuMsgeg==
  dependencies:
    "@solidity-parser/parser" "^0.16.0"
    semver "^7.3.8"
    solidity-comments-extractor "^0.0.7"

prettier-plugin-svelte@3.0.0:
  version "3.0.0"
  resolved "https://registry.yarnpkg.com/prettier-plugin-svelte/-/prettier-plugin-svelte-3.0.0.tgz#1e6d98b465bb81db06efca43ed55abb2b3daec64"
  integrity sha512-l3RQcPty2UBCoRh3yb9c5XCAmxkrc4BptAnbd5acO1gmSJtChOWkiEjnOvh7hvmtT4V80S8gXCOKAq8RNeIzSw==

prettier@3.0.0:
  version "3.0.0"
  resolved "https://registry.yarnpkg.com/prettier/-/prettier-3.0.0.tgz#e7b19f691245a21d618c68bc54dc06122f6105ae"
  integrity sha512-zBf5eHpwHOGPC47h0zrPyNn+eAEIdEzfywMoYn2XPi0P44Zp0tSq64rq0xAREh4auw2cJZHo9QUob+NqCQky4g==

regexp-to-ast@0.4.0:
  version "0.4.0"
  resolved "https://registry.yarnpkg.com/regexp-to-ast/-/regexp-to-ast-0.4.0.tgz#f3dbcb42726cd71902ba50193f63eab5325cd7cb"
  integrity sha512-4qf/7IsIKfSNHQXSwial1IFmfM1Cc/whNBQqRwe0V2stPe7KmN1U0tWQiIx6JiirgSrisjE0eECdNf7Tav1Ntw==

regexp-to-ast@0.5.0:
  version "0.5.0"
  resolved "https://registry.yarnpkg.com/regexp-to-ast/-/regexp-to-ast-0.5.0.tgz#56c73856bee5e1fef7f73a00f1473452ab712a24"
  integrity sha512-tlbJqcMHnPKI9zSrystikWKwHkBqu2a/Sgw01h3zFjvYrMxEDYHzzoMZnUrbIfpTFEsoRnnviOXNCzFiSc54Qw==

semver@^6.0.0:
  version "6.3.1"
  resolved "https://registry.yarnpkg.com/semver/-/semver-6.3.1.tgz#556d2ef8689146e46dcea4bfdd095f3434dffcb4"
  integrity sha512-BR7VvDCVHO+q2xBEWskxS6DJE1qRnb7DxzUrogb71CWoSficBxYsiAGd+Kl0mmq/MprG9yArRkyrQxTO6XjMzA==

semver@^7.3.8:
  version "7.5.4"
  resolved "https://registry.yarnpkg.com/semver/-/semver-7.5.4.tgz#483986ec4ed38e1c6c48c34894a9182dbff68a6e"
  integrity sha512-1bCSESV6Pv+i21Hvpxp3Dx+pSD8lIPt8uVjRrxAUt/nbswYc+tK6Y2btiULjd4+fnq15PX+nqQDC7Oft7WkwcA==
  dependencies:
    lru-cache "^6.0.0"

serialize-error@^8.1.0:
  version "8.1.0"
  resolved "https://registry.yarnpkg.com/serialize-error/-/serialize-error-8.1.0.tgz#3a069970c712f78634942ddd50fbbc0eaebe2f67"
  integrity sha512-3NnuWfM6vBYoy5gZFvHiYsVbafvI9vZv/+jlIigFn4oP4zjNPK3LhcY0xSCgeb1a5L8jO71Mit9LlNoi2UfDDQ==
  dependencies:
    type-fest "^0.20.2"

sh-syntax@^0.4.1:
  version "0.4.1"
  resolved "https://registry.yarnpkg.com/sh-syntax/-/sh-syntax-0.4.1.tgz#21d45a7428d712ecb0c90d517a2b27fd897bc354"
  integrity sha512-MW/ZsCYTu11EIYYTSZcfAgMFszAodCmQVB27XssHoIN6L4EG0KSA3h32x8whaSOKuYBX5wz9EybfnPBUFQMCKA==
  dependencies:
    tslib "^2.6.0"

shebang-command@^2.0.0:
  version "2.0.0"
  resolved "https://registry.yarnpkg.com/shebang-command/-/shebang-command-2.0.0.tgz#ccd0af4f8835fbdc265b82461aaf0c36663f34ea"
  integrity sha512-kHxr2zZpYtdmrN1qDjrrX/Z1rR1kG8Dx+gkpK1G4eXmvXswmcE1hTWBWYUzlraYw1/yZp6YuDY77YtvbN0dmDA==
  dependencies:
    shebang-regex "^3.0.0"

shebang-regex@^3.0.0:
  version "3.0.0"
  resolved "https://registry.yarnpkg.com/shebang-regex/-/shebang-regex-3.0.0.tgz#ae16f1644d873ecad843b0307b143362d4c42172"
  integrity sha512-7++dFhtcx3353uBaq8DDR4NuxBetBzC7ZQOhmTQInHEd6bSrXdiEyzCvG07Z44UYdLShWUyXt5M/yhz8ekcb1A==

signal-exit@^3.0.3:
  version "3.0.7"
  resolved "https://registry.yarnpkg.com/signal-exit/-/signal-exit-3.0.7.tgz#a9a1767f8af84155114eaabd73f99273c8f59ad9"
  integrity sha512-wnD2ZE+l+SPC/uoS0vXeE9L1+0wuaMqKlfz9AMUo38JsyLSBWSFcHR1Rri62LZc12vLr1gb3jl7iwQhgwpAbGQ==

solidity-comments-extractor@^0.0.7:
  version "0.0.7"
  resolved "https://registry.yarnpkg.com/solidity-comments-extractor/-/solidity-comments-extractor-0.0.7.tgz#99d8f1361438f84019795d928b931f4e5c39ca19"
  integrity sha512-wciNMLg/Irp8OKGrh3S2tfvZiZ0NEyILfcRCXCD4mp7SgK/i9gzLfhY2hY7VMCQJ3kH9UB9BzNdibIVMchzyYw==

source-map-js@^1.0.1:
  version "1.0.2"
  resolved "https://registry.yarnpkg.com/source-map-js/-/source-map-js-1.0.2.tgz#adbc361d9c62df380125e7f161f71c826f1e490c"
  integrity sha512-R0XvVJ9WusLiqTCEiGCmICCMplcCkIwwR11mOSD9CR5u+IXYdiseeEuXCVAjS54zqwkLcPNnmU4OeJ6tUrWhDw==

strip-final-newline@^2.0.0:
  version "2.0.0"
  resolved "https://registry.yarnpkg.com/strip-final-newline/-/strip-final-newline-2.0.0.tgz#89b852fb2fcbe936f6f4b3187afb0a12c1ab58ad"
  integrity sha512-BrpvfNAE3dcvq7ll3xVumzjKjZQ5tI1sEUIKr3Uoks0XUl45St3FlatVqef9prk4jRDzhW6WZg+3bk93y6pLjA==

svelte@4.1.1:
  version "4.1.1"
  resolved "https://registry.yarnpkg.com/svelte/-/svelte-4.1.1.tgz#468ed0377d3cae542b35df8a22a3ca188d93272a"
  integrity sha512-Enick5fPFISLoVy0MFK45cG+YlQt6upw8skEK9zzTpJnH1DqEv8xOZwizCGSo3Q6HZ7KrZTM0J18poF7aQg5zw==
  dependencies:
    "@ampproject/remapping" "^2.2.1"
    "@jridgewell/sourcemap-codec" "^1.4.15"
    "@jridgewell/trace-mapping" "^0.3.18"
    acorn "^8.9.0"
    aria-query "^5.3.0"
    axobject-query "^3.2.1"
    code-red "^1.0.3"
    css-tree "^2.3.1"
    estree-walker "^3.0.3"
    is-reference "^3.0.1"
    locate-character "^3.0.0"
    magic-string "^0.30.0"
    periscopic "^3.1.0"

temp-dir@^2.0.0:
  version "2.0.0"
  resolved "https://registry.yarnpkg.com/temp-dir/-/temp-dir-2.0.0.tgz#bde92b05bdfeb1516e804c9c00ad45177f31321e"
  integrity sha512-aoBAniQmmwtcKp/7BzsH8Cxzv8OL736p7v1ihGb5e9DJ9kTwGWHrQrVB5+lfVDzfGrdRzXch+ig7LHaY1JTOrg==

tslib@^2.6.0:
  version "2.6.0"
  resolved "https://registry.yarnpkg.com/tslib/-/tslib-2.6.0.tgz#b295854684dbda164e181d259a22cd779dcd7bc3"
  integrity sha512-7At1WUettjcSRHXCyYtTselblcHl9PJFFVKiCAy/bY97+BPZXSQ2wbq0P9s8tK2G7dFQfNnlJnPAiArVBVBsfA==

type-fest@^0.20.2:
  version "0.20.2"
  resolved "https://registry.yarnpkg.com/type-fest/-/type-fest-0.20.2.tgz#1bf207f4b28f91583666cb5fbd327887301cd5f4"
  integrity sha512-Ne+eE4r0/iWnpAxD852z3A+N0Bt5RN//NjJwRd2VFHEmrywxf5vsZlh4R6lixl6B+wz/8d+maTSAkN1FIkI3LQ==

which@^2.0.1:
  version "2.0.2"
  resolved "https://registry.yarnpkg.com/which/-/which-2.0.2.tgz#7c6a8dd0a636a0327e10b59c9286eee93f3f51b1"
  integrity sha512-BLI3Tl1TW3Pvl70l3yq3Y64i+awpwXqsGBYWkkqMtnbXgrMD+yj7rhW0kuEDxzJaYXGjEW5ogapKNMEKNMjibA==
  dependencies:
    isexe "^2.0.0"

yallist@^4.0.0:
  version "4.0.0"
  resolved "https://registry.yarnpkg.com/yallist/-/yallist-4.0.0.tgz#9bb92790d9c0effec63be73519e11a35019a3a72"
  integrity sha512-3wdGidZyq5PB084XLES5TpOSRA3wjXAlIWMhum2kRcv/41Sn2emQ0dycQW4uZXLejwKvg6EsvbdlVL+FYEct7A==
