{
  "requires": true,
  "lockfileVersion": 1,
  "dependencies": {
    "mvdan-sh": {
      "version": "0.5.0",
      "resolved": "https://registry.npmjs.org/mvdan-sh/-/mvdan-sh-0.5.0.tgz",
      "integrity": "sha512-UWbdl4LHd2fUnaEcOUFVWRdWGLkNoV12cKVIPiirYd8qM5VkCoCTXErlDubevrkEG7kGohvjRxAlTQmOqG80tw==",
      "dev": true
    },
    "prettier": {
      "version": "2.1.2",
      "resolved": "https://registry.npmjs.org/prettier/-/prettier-2.1.2.tgz",
      "integrity": "sha512-16c7K+x4qVlJg9rEbXl7HEGmQyZlG4R9AgP+oHKRMsMsuk8s+ATStlf1NpDqyBI1HpVyfjLOeMhH2LvuNvV5Vg==",
      "dev": true
    },
    "prettier-plugin-sh": {
      "version": "0.6.0",
      "resolved": "https://registry.npmjs.org/prettier-plugin-sh/-/prettier-plugin-sh-0.6.0.tgz",
      "integrity": "sha512-y+SSThg/8mrGGkcAolWpociiTZlH7nlIUtqZl1dueyhngof8rD48tUHVQqvIaCx21T/0+9TyzsTEsVviPjR5og==",
      "dev": true,
      "requires": {
        "mvdan-sh": "^0.5.0"
      }
    }
  }
}
